
Microsoft Visual Studio Solution File, Format Version 12.00
# Visual Studio Version 16
VisualStudioVersion = 16.0.29306.81
MinimumVisualStudioVersion = 10.0.40219.1
Project("{FAE04EC0-301F-11D3-BF4B-00C04F79EFBC}") = "Brandlist Export Assistant V2", "Brandlist Export Assistant V2\Brandlist Export Assistant V2.csproj", "{67B2CAF6-EBA0-4C07-A4A9-0D51DCA6D358}"
EndProject
Global
	GlobalSection(SolutionConfigurationPlatforms) = preSolution
		Debug|Any CPU = Debug|Any CPU
		Release|Any CPU = Release|Any CPU
	EndGlobalSection
	GlobalSection(ProjectConfigurationPlatforms) = postSolution
		{67B2CAF6-EBA0-4C07-A4A9-0D51DCA6D358}.Debug|Any CPU.ActiveCfg = Debug|Any CPU
		{67B2CAF6-EBA0-4C07-A4A9-0D51DCA6D358}.Debug|Any CPU.Build.0 = Debug|Any CPU
		{67B2CAF6-EBA0-4C07-A4A9-0D51DCA6D358}.Release|Any CPU.ActiveCfg = Release|Any CPU
		{67B2CAF6-EBA0-4C07-A4A9-0D51DCA6D358}.Release|Any CPU.Build.0 = Release|Any CPU
	EndGlobalSection
	GlobalSection(SolutionProperties) = preSolution
		HideSolutionNode = FALSE
	EndGlobalSection
	GlobalSection(ExtensibilityGlobals) = postSolution
		SolutionGuid = {656A0CBB-B0D8-456F-9CAA-CF3EA8BC0907}
	EndGlobalSection
EndGlobal
